
Microsoft Visual Studio Solution File, Format Version 12.00
# Visual Studio 2017
Project("{FAE04EC0-301F-11D3-BF4B-00C04F79EFBC}") = "TerrainGen", "TerrainGen.csproj", "{747DE5FE-F45F-34DB-1003-3C195A87C970}"
EndProject
Project("{FAE04EC0-301F-11D3-BF4B-00C04F79EFBC}") = "TerrainGen.Editor", "TerrainGen.Editor.csproj", "{813E5D1E-5449-EBDA-8AC8-A86EE5B9A78A}"
EndProject
Global
	GlobalSection(SolutionConfigurationPlatforms) = preSolution
		Debug|Any CPU = Debug|Any CPU
		Release|Any CPU = Release|Any CPU
	EndGlobalSection
	GlobalSection(ProjectConfigurationPlatforms) = postSolution
		{747DE5FE-F45F-34DB-1003-3C195A87C970}.Debug|Any CPU.ActiveCfg = Debug|Any CPU
		{747DE5FE-F45F-34DB-1003-3C195A87C970}.Debug|Any CPU.Build.0 = Debug|Any CPU
		{747DE5FE-F45F-34DB-1003-3C195A87C970}.Release|Any CPU.ActiveCfg = Release|Any CPU
		{747DE5FE-F45F-34DB-1003-3C195A87C970}.Release|Any CPU.Build.0 = Release|Any CPU
		{813E5D1E-5449-EBDA-8AC8-A86EE5B9A78A}.Debug|Any CPU.ActiveCfg = Debug|Any CPU
		{813E5D1E-5449-EBDA-8AC8-A86EE5B9A78A}.Debug|Any CPU.Build.0 = Debug|Any CPU
		{813E5D1E-5449-EBDA-8AC8-A86EE5B9A78A}.Release|Any CPU.ActiveCfg = Release|Any CPU
		{813E5D1E-5449-EBDA-8AC8-A86EE5B9A78A}.Release|Any CPU.Build.0 = Release|Any CPU
	EndGlobalSection
	GlobalSection(SolutionProperties) = preSolution
		HideSolutionNode = FALSE
	EndGlobalSection
EndGlobal
